
Microsoft Visual Studio Solution File, Format Version 12.00
# Visual Studio Version 16
VisualStudioVersion = 16.0.29424.173
MinimumVisualStudioVersion = 10.0.40219.1
Project("{2150E333-8FDC-42A3-9474-1A3956D46DE8}") = "FileService", "FileService", "{F33EFDD4-583F-4AF0-9170-2C4D1693DD1A}"
EndProject
Project("{9A19103F-16F7-4668-BE54-9A1E7A4F7556}") = "DotNetOpen.FileService.Abstractions", "FileService\DotNetOpen.FileService.Abstractions\DotNetOpen.FileService.Abstractions.csproj", "{4F953142-66EB-4885-81F8-9AC2E0F94D62}"
EndProject
Project("{9A19103F-16F7-4668-BE54-9A1E7A4F7556}") = "DotNetOpen.FileService", "FileService\DotNetOpen.FileService\DotNetOpen.FileService.csproj", "{DF8835EF-9050-4412-8E80-5AB7C94697C1}"
EndProject
Project("{9A19103F-16F7-4668-BE54-9A1E7A4F7556}") = "DotNetOpen.FileService.Tests", "FileService\DotNetOpen.FileService.Tests\DotNetOpen.FileService.Tests.csproj", "{086B9D1A-0BE1-40FD-9803-2F3852188BD5}"
EndProject
Project("{2150E333-8FDC-42A3-9474-1A3956D46DE8}") = "SmsService", "SmsService", "{D969A612-BD3C-482B-B192-5837103040FB}"
EndProject
Project("{9A19103F-16F7-4668-BE54-9A1E7A4F7556}") = "DotNetOpen.Services.SmsService", "SmsService\DotNetOpen.SmsService\DotNetOpen.Services.SmsService.csproj", "{C90257C1-8F8B-4E96-AB0F-EFF6688AFCF1}"
EndProject
Project("{9A19103F-16F7-4668-BE54-9A1E7A4F7556}") = "DotNetOpen.Services.SmsService.Abstractions", "SmsService\DotNetOpen.Services.SmsService.Abstractions\DotNetOpen.Services.SmsService.Abstractions.csproj", "{3AD784DE-BCD7-49D7-8F2C-B1A07D559076}"
EndProject
Global
	GlobalSection(SolutionConfigurationPlatforms) = preSolution
		Debug|Any CPU = Debug|Any CPU
		Release|Any CPU = Release|Any CPU
	EndGlobalSection
	GlobalSection(ProjectConfigurationPlatforms) = postSolution
		{4F953142-66EB-4885-81F8-9AC2E0F94D62}.Debug|Any CPU.ActiveCfg = Debug|Any CPU
		{4F953142-66EB-4885-81F8-9AC2E0F94D62}.Debug|Any CPU.Build.0 = Debug|Any CPU
		{4F953142-66EB-4885-81F8-9AC2E0F94D62}.Release|Any CPU.ActiveCfg = Release|Any CPU
		{4F953142-66EB-4885-81F8-9AC2E0F94D62}.Release|Any CPU.Build.0 = Release|Any CPU
		{DF8835EF-9050-4412-8E80-5AB7C94697C1}.Debug|Any CPU.ActiveCfg = Debug|Any CPU
		{DF8835EF-9050-4412-8E80-5AB7C94697C1}.Debug|Any CPU.Build.0 = Debug|Any CPU
		{DF8835EF-9050-4412-8E80-5AB7C94697C1}.Release|Any CPU.ActiveCfg = Release|Any CPU
		{DF8835EF-9050-4412-8E80-5AB7C94697C1}.Release|Any CPU.Build.0 = Release|Any CPU
		{086B9D1A-0BE1-40FD-9803-2F3852188BD5}.Debug|Any CPU.ActiveCfg = Debug|Any CPU
		{086B9D1A-0BE1-40FD-9803-2F3852188BD5}.Debug|Any CPU.Build.0 = Debug|Any CPU
		{086B9D1A-0BE1-40FD-9803-2F3852188BD5}.Release|Any CPU.ActiveCfg = Release|Any CPU
		{086B9D1A-0BE1-40FD-9803-2F3852188BD5}.Release|Any CPU.Build.0 = Release|Any CPU
		{C90257C1-8F8B-4E96-AB0F-EFF6688AFCF1}.Debug|Any CPU.ActiveCfg = Debug|Any CPU
		{C90257C1-8F8B-4E96-AB0F-EFF6688AFCF1}.Debug|Any CPU.Build.0 = Debug|Any CPU
		{C90257C1-8F8B-4E96-AB0F-EFF6688AFCF1}.Release|Any CPU.ActiveCfg = Release|Any CPU
		{C90257C1-8F8B-4E96-AB0F-EFF6688AFCF1}.Release|Any CPU.Build.0 = Release|Any CPU
		{3AD784DE-BCD7-49D7-8F2C-B1A07D559076}.Debug|Any CPU.ActiveCfg = Debug|Any CPU
		{3AD784DE-BCD7-49D7-8F2C-B1A07D559076}.Debug|Any CPU.Build.0 = Debug|Any CPU
		{3AD784DE-BCD7-49D7-8F2C-B1A07D559076}.Release|Any CPU.ActiveCfg = Release|Any CPU
		{3AD784DE-BCD7-49D7-8F2C-B1A07D559076}.Release|Any CPU.Build.0 = Release|Any CPU
	EndGlobalSection
	GlobalSection(SolutionProperties) = preSolution
		HideSolutionNode = FALSE
	EndGlobalSection
	GlobalSection(NestedProjects) = preSolution
		{4F953142-66EB-4885-81F8-9AC2E0F94D62} = {F33EFDD4-583F-4AF0-9170-2C4D1693DD1A}
		{DF8835EF-9050-4412-8E80-5AB7C94697C1} = {F33EFDD4-583F-4AF0-9170-2C4D1693DD1A}
		{086B9D1A-0BE1-40FD-9803-2F3852188BD5} = {F33EFDD4-583F-4AF0-9170-2C4D1693DD1A}
		{C90257C1-8F8B-4E96-AB0F-EFF6688AFCF1} = {D969A612-BD3C-482B-B192-5837103040FB}
		{3AD784DE-BCD7-49D7-8F2C-B1A07D559076} = {D969A612-BD3C-482B-B192-5837103040FB}
	EndGlobalSection
	GlobalSection(ExtensibilityGlobals) = postSolution
		SolutionGuid = {25A9E509-8C28-437F-8034-BA0958E173C2}
	EndGlobalSection
EndGlobal
